Microsoft Visual Studio Solution File, Format Version 11.00
# Visual Studio 16
Project("{FAE04EC0-301F-11D3-BF4B-00C04F79EFBC}") = "DXSample_SortGroupsBySummary", "DXSample_SortGroupsBySummary\DXSample_SortGroupsBySummary.Net5.csproj", "{EE0CA9EC-9E3C-4343-8413-7F7ACE6BFC38}"
EndProject
Global
	GlobalSection(SolutionConfigurationPlatforms) = preSolution
		Debug|Any CPU = Debug|Any CPU
		Release|Any CPU = Release|Any CPU
	EndGlobalSection
	GlobalSection(ProjectConfigurationPlatforms) = postSolution
		{EE0CA9EC-9E3C-4343-8413-7F7ACE6BFC38}.Debug|Any CPU.ActiveCfg = Debug|Any CPU
		{EE0CA9EC-9E3C-4343-8413-7F7ACE6BFC38}.Debug|Any CPU.Build.0 = Debug|Any CPU
		{EE0CA9EC-9E3C-4343-8413-7F7ACE6BFC38}.Release|Any CPU.ActiveCfg = Release|Any CPU
		{EE0CA9EC-9E3C-4343-8413-7F7ACE6BFC38}.Release|Any CPU.Build.0 = Release|Any CPU
	EndGlobalSection
	GlobalSection(SolutionProperties) = preSolution
		HideSolutionNode = FALSE
	EndGlobalSection
EndGlobal
